
Microsoft Visual Studio Solution File, Format Version 12.00
# Visual Studio Version 17
VisualStudioVersion = 17.6.33829.357
MinimumVisualStudioVersion = 10.0.40219.1
Project("{FAE04EC0-301F-11D3-BF4B-00C04F79EFBC}") = "AZMAssessment.API", "AZMAssessment.API\AZMAssessment.API.csproj", "{30D7F2E7-8706-484A-B5E1-D01524A24336}"
EndProject
Project("{FAE04EC0-301F-11D3-BF4B-00C04F79EFBC}") = "AZMAssessment.Core", "AZMAssessment.Core\AZMAssessment.Core.csproj", "{0C201BF2-4B79-4FED-B6FD-DBA247A06F31}"
EndProject
Project("{FAE04EC0-301F-11D3-BF4B-00C04F79EFBC}") = "AZMAssessment.Infrastructure", "AZMAssessment.Infrastructure\AZMAssessment.Infrastructure.csproj", "{DACAFB9F-45EF-437F-A7C9-7AAA28580922}"
EndProject
Project("{FAE04EC0-301F-11D3-BF4B-00C04F79EFBC}") = "AZMAssessment.IoC", "AZMAssessment.IoC\AZMAssessment.IoC.csproj", "{14A9CAAF-06A6-4388-89BE-36964F028DC6}"
EndProject
Project("{FAE04EC0-301F-11D3-BF4B-00C04F79EFBC}") = "AZMAssessment.Shared", "AZMAssessment.Shared\AZMAssessment.Shared.csproj", "{D5F73A86-6524-48E5-AFAF-5EE8A6BE3AC2}"
EndProject
Global
	GlobalSection(SolutionConfigurationPlatforms) = preSolution
		Debug|Any CPU = Debug|Any CPU
		Release|Any CPU = Release|Any CPU
	EndGlobalSection
	GlobalSection(ProjectConfigurationPlatforms) = postSolution
		{30D7F2E7-8706-484A-B5E1-D01524A24336}.Debug|Any CPU.ActiveCfg = Debug|Any CPU
		{30D7F2E7-8706-484A-B5E1-D01524A24336}.Debug|Any CPU.Build.0 = Debug|Any CPU
		{30D7F2E7-8706-484A-B5E1-D01524A24336}.Release|Any CPU.ActiveCfg = Release|Any CPU
		{30D7F2E7-8706-484A-B5E1-D01524A24336}.Release|Any CPU.Build.0 = Release|Any CPU
		{0C201BF2-4B79-4FED-B6FD-DBA247A06F31}.Debug|Any CPU.ActiveCfg = Debug|Any CPU
		{0C201BF2-4B79-4FED-B6FD-DBA247A06F31}.Debug|Any CPU.Build.0 = Debug|Any CPU
		{0C201BF2-4B79-4FED-B6FD-DBA247A06F31}.Release|Any CPU.ActiveCfg = Release|Any CPU
		{0C201BF2-4B79-4FED-B6FD-DBA247A06F31}.Release|Any CPU.Build.0 = Release|Any CPU
		{DACAFB9F-45EF-437F-A7C9-7AAA28580922}.Debug|Any CPU.ActiveCfg = Debug|Any CPU
		{DACAFB9F-45EF-437F-A7C9-7AAA28580922}.Debug|Any CPU.Build.0 = Debug|Any CPU
		{DACAFB9F-45EF-437F-A7C9-7AAA28580922}.Release|Any CPU.ActiveCfg = Release|Any CPU
		{DACAFB9F-45EF-437F-A7C9-7AAA28580922}.Release|Any CPU.Build.0 = Release|Any CPU
		{14A9CAAF-06A6-4388-89BE-36964F028DC6}.Debug|Any CPU.ActiveCfg = Debug|Any CPU
		{14A9CAAF-06A6-4388-89BE-36964F028DC6}.Debug|Any CPU.Build.0 = Debug|Any CPU
		{14A9CAAF-06A6-4388-89BE-36964F028DC6}.Release|Any CPU.ActiveCfg = Release|Any CPU
		{14A9CAAF-06A6-4388-89BE-36964F028DC6}.Release|Any CPU.Build.0 = Release|Any CPU
		{D5F73A86-6524-48E5-AFAF-5EE8A6BE3AC2}.Debug|Any CPU.ActiveCfg = Debug|Any CPU
		{D5F73A86-6524-48E5-AFAF-5EE8A6BE3AC2}.Debug|Any CPU.Build.0 = Debug|Any CPU
		{D5F73A86-6524-48E5-AFAF-5EE8A6BE3AC2}.Release|Any CPU.ActiveCfg = Release|Any CPU
		{D5F73A86-6524-48E5-AFAF-5EE8A6BE3AC2}.Release|Any CPU.Build.0 = Release|Any CPU
	EndGlobalSection
	GlobalSection(SolutionProperties) = preSolution
		HideSolutionNode = FALSE
	EndGlobalSection
	GlobalSection(ExtensibilityGlobals) = postSolution
		SolutionGuid = {204B221A-F6EA-4DAC-9482-BBD44AFD7F44}
	EndGlobalSection
EndGlobal
